{
  "name": "micro-app-alexa-device-bridge",
  "version": "0.0.1",
  "lockfileVersion": 1,
  "requires": true,
  "dependencies": {
    "after": {
      "version": "0.8.1",
      "resolved": "https://registry.npmjs.org/after/-/after-0.8.1.tgz",
      "integrity": "sha1-q11PuIP1loFtNRX495HAr0ht1ic="
    },
    "ajv": {
      "version": "6.12.6",
      "resolved": "https://registry.npmjs.org/ajv/-/ajv-6.12.6.tgz",
      "integrity": "sha512-j3fVLgvTo527anyYyJOGTYJbG+vnnQYvE0m5mmkc1TK+nxAppkCLMIL0aZ4dblVCNoGShhm+kzE4ZUykBoMg4g==",
      "requires": {
        "fast-deep-equal": "^3.1.1",
        "fast-json-stable-stringify": "^2.0.0",
        "json-schema-traverse": "^0.4.1",
        "uri-js": "^4.2.2"
      }
    },
    "arraybuffer.slice": {
      "version": "0.0.6",
      "resolved": "https://registry.npmjs.org/arraybuffer.slice/-/arraybuffer.slice-0.0.6.tgz",
      "integrity": "sha1-8zshWfBTKj8xB6JywMz70a0peco="
    },
    "asn1": {
      "version": "0.2.6",
      "resolved": "https://registry.npmjs.org/asn1/-/asn1-0.2.6.tgz",
      "integrity": "sha512-ix/FxPn0MDjeyJ7i/yoHGFt/EX6LyNbxSEhPPXODPL+KB0VPk86UYfL0lMdy+KCnv+fmvIzySwaK5COwqVbWTQ==",
      "requires": {
        "safer-buffer": "~2.1.0"
      }
    },
    "assert-plus": {
      "version": "1.0.0",
      "resolved": "https://registry.npmjs.org/assert-plus/-/assert-plus-1.0.0.tgz",
      "integrity": "sha512-NfJ4UzBCcQGLDlQq7nHxH+tv3kyZ0hHQqF5BO6J7tNJeP5do1llPr8dZ8zHonfhAu0PHAdMkSo+8o0wxg9lZWw=="
    },
    "asynckit": {
      "version": "0.4.0",
      "resolved": "https://registry.npmjs.org/asynckit/-/asynckit-0.4.0.tgz",
      "integrity": "sha512-Oei9OH4tRh0YqU3GxhX79dM/mwVgvbZJaSNaRk+bshkj0S5cfHcgYakreBjrHwatXKbz+IoIdYLxrKim2MjW0Q=="
    },
    "aws-sign2": {
      "version": "0.7.0",
      "resolved": "https://registry.npmjs.org/aws-sign2/-/aws-sign2-0.7.0.tgz",
      "integrity": "sha512-08kcGqnYf/YmjoRhfxyu+CLxBjUtHLXLXX/vUfx9l2LYzG3c1m61nrpyFUZI6zeS+Li/wWMMidD9KgrqtGq3mA=="
    },
    "aws4": {
      "version": "1.11.0",
      "resolved": "https://registry.npmjs.org/aws4/-/aws4-1.11.0.tgz",
      "integrity": "sha512-xh1Rl34h6Fi1DC2WWKfxUTVqRsNnr6LsKz2+hfwDxQJWmrx8+c7ylaqBMcHfl1U1r2dsifOvKX3LQuLNZ+XSvA=="
    },
    "backo2": {
      "version": "1.0.2",
      "resolved": "https://registry.npmjs.org/backo2/-/backo2-1.0.2.tgz",
      "integrity": "sha1-MasayLEpNjRj41s+u2n038+6eUc="
    },
    "base64-arraybuffer": {
      "version": "0.1.2",
      "resolved": "https://registry.npmjs.org/base64-arraybuffer/-/base64-arraybuffer-0.1.2.tgz",
      "integrity": "sha1-R030qfLaJOBd8xWMOx2zw81GoVQ="
    },
    "base64id": {
      "version": "0.1.0",
      "resolved": "https://registry.npmjs.org/base64id/-/base64id-0.1.0.tgz",
      "integrity": "sha1-As4P3u4M709ACA4ec+g08LG/zj8="
    },
    "basic-auth": {
      "version": "1.0.4",
      "resolved": "https://registry.npmjs.org/basic-auth/-/basic-auth-1.0.4.tgz",
      "integrity": "sha1-Awk1sB3nyblKgksp8/zLdQ06UpA="
    },
    "bcrypt-pbkdf": {
      "version": "1.0.2",
      "resolved": "https://registry.npmjs.org/bcrypt-pbkdf/-/bcrypt-pbkdf-1.0.2.tgz",
      "integrity": "sha512-qeFIXtP4MSoi6NLqO12WfqARWWuCKi2Rn/9hJLEmtB5yTNr9DqFWkJRCf2qShWzPeAMRnOgCrq0sg/KLv5ES9w==",
      "requires": {
        "tweetnacl": "^0.14.3"
      }
    },
    "bcryptjs": {
      "version": "2.3.0",
      "resolved": "https://registry.npmjs.org/bcryptjs/-/bcryptjs-2.3.0.tgz",
      "integrity": "sha1-WCaQDP73q680JccuTUZN5Qm4wuw="
    },
    "benchmark": {
      "version": "1.0.0",
      "resolved": "https://registry.npmjs.org/benchmark/-/benchmark-1.0.0.tgz",
      "integrity": "sha1-Lx4vpMNZ8REiqhgwgiGOlX45DHM="
    },
    "better-assert": {
      "version": "1.0.2",
      "resolved": "https://registry.npmjs.org/better-assert/-/better-assert-1.0.2.tgz",
      "integrity": "sha1-QIZrnhueC1W0gYlDEeaPr/rrxSI=",
      "requires": {
        "callsite": "1.0.0"
      }
    },
    "bindings": {
      "version": "1.2.1",
      "resolved": "https://registry.npmjs.org/bindings/-/bindings-1.2.1.tgz",
      "integrity": "sha1-FK1hE4EtLTfXLme0ystLtyZQXxE=",
      "optional": true
    },
    "bl": {
      "version": "0.9.5",
      "resolved": "https://registry.npmjs.org/bl/-/bl-0.9.5.tgz",
      "integrity": "sha1-wGt5evCF6gC8Unr8jvzxHeIjIFQ=",
      "requires": {
        "readable-stream": "1.0.34"
      }
    },
    "blob": {
      "version": "0.0.4",
      "resolved": "https://registry.npmjs.org/blob/-/blob-0.0.4.tgz",
      "integrity": "sha1-vPEwUspURj8w+fx+lbmkdjCpSSE="
    },
    "bufferutil": {
      "version": "1.2.1",
      "resolved": "https://registry.npmjs.org/bufferutil/-/bufferutil-1.2.1.tgz",
      "integrity": "sha1-N75dNuHgZJIiHmjUdLGsWOUQy9c=",
      "optional": true,
      "requires": {
        "bindings": "1.2.1",
        "nan": "2.8.0"
      }
    },
    "callsite": {
      "version": "1.0.0",
      "resolved": "https://registry.npmjs.org/callsite/-/callsite-1.0.0.tgz",
      "integrity": "sha1-KAOY5dZkvXQDi28JBRU+borxvCA="
    },
    "caseless": {
      "version": "0.12.0",
      "resolved": "https://registry.npmjs.org/caseless/-/caseless-0.12.0.tgz",
      "integrity": "sha512-4tYFyifaFfGacoiObjJegolkwSU4xQNGbVgUiNYVUxbQ2x2lUsFvY4hVgVzGiIe6WLOPqycWXA40l+PWsxthUw=="
    },
    "combined-stream": {
      "version": "1.0.8",
      "resolved": "https://registry.npmjs.org/combined-stream/-/combined-stream-1.0.8.tgz",
      "integrity": "sha512-FQN4MRfuJeHf7cBbBMJFXhKSDq+2kAArBlmRBvcvFE5BB1HZKXtSFASDhdlz9zOYwxh8lDdnvmMOe/+5cdoEdg==",
      "requires": {
        "delayed-stream": "~1.0.0"
      }
    },
    "commist": {
      "version": "1.0.0",
      "resolved": "https://registry.npmjs.org/commist/-/commist-1.0.0.tgz",
      "integrity": "sha1-wMNSUBz29S6RJOPvicmAbiAi6+8=",
      "requires": {
        "leven": "1.0.2",
        "minimist": "1.2.0"
      }
    },
    "component-bind": {
      "version": "1.0.0",
      "resolved": "https://registry.npmjs.org/component-bind/-/component-bind-1.0.0.tgz",
      "integrity": "sha1-AMYIq33Nk4l8AAllGx06jh5zu9E="
    },
    "component-emitter": {
      "version": "1.1.2",
      "resolved": "https://registry.npmjs.org/component-emitter/-/component-emitter-1.1.2.tgz",
      "integrity": "sha1-KWWU8nU9qmOZbSrwjRWpURbJrsM="
    },
    "component-inherit": {
      "version": "0.0.3",
      "resolved": "https://registry.npmjs.org/component-inherit/-/component-inherit-0.0.3.tgz",
      "integrity": "sha1-ZF/ErfWLcrZJ1crmUTVhnbJv8UM="
    },
    "concat-stream": {
      "version": "1.6.0",
      "resolved": "https://registry.npmjs.org/concat-stream/-/concat-stream-1.6.0.tgz",
      "integrity": "sha1-CqxmL9Ur54lk1VMvaUeE5wEQrPc=",
      "requires": {
        "inherits": "2.0.3",
        "readable-stream": "2.3.3",
        "typedarray": "0.0.6"
      },
      "dependencies": {
        "readable-stream": {
          "version": "2.3.3",
          "resolved": "https://registry.npmjs.org/readable-stream/-/readable-stream-2.3.3.tgz",
          "integrity": "sha512-m+qzzcn7KUxEmd1gMbchF+Y2eIUbieUaxkWtptyHywrX0rE8QEYqPC07Vuy4Wm32/xE16NcdBctb8S0Xe/5IeQ==",
          "requires": {
            "core-util-is": "1.0.2",
            "inherits": "2.0.3",
            "isarray": "1.0.0",
            "process-nextick-args": "1.0.7",
            "safe-buffer": "5.1.1",
            "string_decoder": "1.0.3",
            "util-deprecate": "1.0.2"
          }
        }
      }
    },
    "core-util-is": {
      "version": "1.0.2",
      "resolved": "https://registry.npmjs.org/core-util-is/-/core-util-is-1.0.2.tgz",
      "integrity": "sha1-tf1UIgqivFq1eqtxQMlAdUUDwac="
    },
    "crypto-js": {
      "version": "3.1.8",
      "resolved": "https://registry.npmjs.org/crypto-js/-/crypto-js-3.1.8.tgz",
      "integrity": "sha1-cV8HC/YBTyrpkqmLOSkli3E/CNU="
    },
    "dashdash": {
      "version": "1.14.1",
      "resolved": "https://registry.npmjs.org/dashdash/-/dashdash-1.14.1.tgz",
      "integrity": "sha512-jRFi8UDGo6j+odZiEpjazZaWqEal3w/basFjQHQEwVtZJGDpxbH1MeYluwCS8Xq5wmLJooDlMgvVarmWfGM44g==",
      "requires": {
        "assert-plus": "^1.0.0"
      }
    },
    "debug": {
      "version": "2.1.0",
      "resolved": "https://registry.npmjs.org/debug/-/debug-2.1.0.tgz",
      "integrity": "sha1-M6uRVlnYwsyKQUQ9lNbr03aX7SE=",
      "requires": {
        "ms": "0.6.2"
      }
    },
    "delayed-stream": {
      "version": "1.0.0",
      "resolved": "https://registry.npmjs.org/delayed-stream/-/delayed-stream-1.0.0.tgz",
      "integrity": "sha512-ZySD7Nf91aLB0RxL4KGrKHBXl7Eds1DAmEdcoVawXnLD7SDhpNgtuII2aAkg7a7QS41jxPSZ17p4VdGnMHk3MQ=="
    },
    "duplexify": {
      "version": "3.5.1",
      "resolved": "https://registry.npmjs.org/duplexify/-/duplexify-3.5.1.tgz",
      "integrity": "sha512-j5goxHTwVED1Fpe5hh3q9R93Kip0Bg2KVAt4f8CEYM3UEwYcPSvWbXaUQOzdX/HtiNomipv+gU7ASQPDbV7pGQ==",
      "requires": {
        "end-of-stream": "1.4.0",
        "inherits": "2.0.3",
        "readable-stream": "2.3.3",
        "stream-shift": "1.0.0"
      },
      "dependencies": {
        "readable-stream": {
          "version": "2.3.3",
          "resolved": "https://registry.npmjs.org/readable-stream/-/readable-stream-2.3.3.tgz",
          "integrity": "sha512-m+qzzcn7KUxEmd1gMbchF+Y2eIUbieUaxkWtptyHywrX0rE8QEYqPC07Vuy4Wm32/xE16NcdBctb8S0Xe/5IeQ==",
          "requires": {
            "core-util-is": "1.0.2",
            "inherits": "2.0.3",
            "isarray": "1.0.0",
            "process-nextick-args": "1.0.7",
            "safe-buffer": "5.1.1",
            "string_decoder": "1.0.3",
            "util-deprecate": "1.0.2"
          }
        }
      }
    },
    "ecc-jsbn": {
      "version": "0.1.2",
      "resolved": "https://registry.npmjs.org/ecc-jsbn/-/ecc-jsbn-0.1.2.tgz",
      "integrity": "sha512-eh9O+hwRHNbG4BLTjEl3nw044CkGm5X6LoaCf7LPp7UU8Qrt47JYNi6nPX8xjW97TKGKm1ouctg0QSpZe9qrnw==",
      "requires": {
        "jsbn": "~0.1.0",
        "safer-buffer": "^2.1.0"
      }
    },
    "end-of-stream": {
      "version": "1.4.0",
      "resolved": "https://registry.npmjs.org/end-of-stream/-/end-of-stream-1.4.0.tgz",
      "integrity": "sha1-epDYM+/abPpurA9JSduw+tOmMgY=",
      "requires": {
        "once": "1.4.0"
      }
    },
    "engine.io": {
      "version": "1.5.4",
      "resolved": "https://registry.npmjs.org/engine.io/-/engine.io-1.5.4.tgz",
      "integrity": "sha1-xhQQEpEcNQYxwbOQ9TJOtCAuKfI=",
      "requires": {
        "base64id": "0.1.0",
        "debug": "1.0.3",
        "engine.io-parser": "1.2.2",
        "ws": "0.8.0"
      },
      "dependencies": {
        "debug": {
          "version": "1.0.3",
          "resolved": "https://registry.npmjs.org/debug/-/debug-1.0.3.tgz",
          "integrity": "sha1-/IxrLWACgEtAgcAgjg9kYLofo+Q=",
          "requires": {
            "ms": "0.6.2"
          }
        },
        "ws": {
          "version": "0.8.0",
          "resolved": "https://registry.npmjs.org/ws/-/ws-0.8.0.tgz",
          "integrity": "sha1-rGDrrTEhIdAeFswzg9fsZ60PDx8=",
          "requires": {
            "bufferutil": "1.2.1",
            "options": "0.0.6",
            "ultron": "1.0.2",
            "utf-8-validate": "1.2.2"
          }
        }
      }
    },
    "engine.io-client": {
      "version": "1.5.4",
      "resolved": "https://registry.npmjs.org/engine.io-client/-/engine.io-client-1.5.4.tgz",
      "integrity": "sha1-xq1lpldSopy5MMaRHledKyjREGw=",
      "requires": {
        "component-emitter": "1.1.2",
        "component-inherit": "0.0.3",
        "debug": "1.0.4",
        "engine.io-parser": "1.2.2",
        "has-cors": "1.0.3",
        "indexof": "0.0.1",
        "parsejson": "0.0.1",
        "parseqs": "0.0.2",
        "parseuri": "0.0.4",
        "ws": "0.8.0",
        "xmlhttprequest": "https://github.com/rase-/node-XMLHttpRequest/archive/a6b6f2.tar.gz"
      },
      "dependencies": {
        "debug": {
          "version": "1.0.4",
          "resolved": "https://registry.npmjs.org/debug/-/debug-1.0.4.tgz",
          "integrity": "sha1-W5wla9VLbsAigxdvqKDt5tFUy/g=",
          "requires": {
            "ms": "0.6.2"
          }
        },
        "parseuri": {
          "version": "0.0.4",
          "resolved": "https://registry.npmjs.org/parseuri/-/parseuri-0.0.4.tgz",
          "integrity": "sha1-gGWCo5iH4eoY3V4v4OAZAiaOk1A=",
          "requires": {
            "better-assert": "1.0.2"
          }
        },
        "ws": {
          "version": "0.8.0",
          "resolved": "https://registry.npmjs.org/ws/-/ws-0.8.0.tgz",
          "integrity": "sha1-rGDrrTEhIdAeFswzg9fsZ60PDx8=",
          "requires": {
            "bufferutil": "1.2.1",
            "options": "0.0.6",
            "ultron": "1.0.2",
            "utf-8-validate": "1.2.2"
          }
        }
      }
    },
    "engine.io-parser": {
      "version": "1.2.2",
      "resolved": "https://registry.npmjs.org/engine.io-parser/-/engine.io-parser-1.2.2.tgz",
      "integrity": "sha1-zQgQQf7qOcZDI/95uCqQpyr8zN0=",
      "requires": {
        "after": "0.8.1",
        "arraybuffer.slice": "0.0.6",
        "base64-arraybuffer": "0.1.2",
        "blob": "0.0.4",
        "has-binary": "0.1.6",
        "utf8": "2.1.0"
      }
    },
    "extend": {
      "version": "3.0.2",
      "resolved": "https://registry.npmjs.org/extend/-/extend-3.0.2.tgz",
      "integrity": "sha512-fjquC59cD7CyW6urNXK0FBufkZcoiGG80wTuPujX590cB5Ttln20E2UB4S/WARVqhXffZl2LNgS+gQdPIIim/g=="
    },
    "extsprintf": {
      "version": "1.3.0",
      "resolved": "https://registry.npmjs.org/extsprintf/-/extsprintf-1.3.0.tgz",
      "integrity": "sha512-11Ndz7Nv+mvAC1j0ktTa7fAb0vLyGGX+rMHNBYQviQDGU0Hw7lhctJANqbPhu9nV9/izT/IntTgZ7Im/9LJs9g=="
    },
    "fast-deep-equal": {
      "version": "3.1.3",
      "resolved": "https://registry.npmjs.org/fast-deep-equal/-/fast-deep-equal-3.1.3.tgz",
      "integrity": "sha512-f3qQ9oQy9j2AhBe/H9VC91wLmKBCCU/gDOnKNAYG5hswO7BLKj09Hc5HYNz9cGI++xlpDCIgDaitVs03ATR84Q=="
    },
    "fast-json-stable-stringify": {
      "version": "2.1.0",
      "resolved": "https://registry.npmjs.org/fast-json-stable-stringify/-/fast-json-stable-stringify-2.1.0.tgz",
      "integrity": "sha512-lhd/wF+Lk98HZoTCtlVraHtfh5XYijIjalXck7saUtuanSDyLMxnHhSXEDJqHxD7msR8D0uCmqlkwjCV8xvwHw=="
    },
    "forever-agent": {
      "version": "0.6.1",
      "resolved": "https://registry.npmjs.org/forever-agent/-/forever-agent-0.6.1.tgz",
      "integrity": "sha512-j0KLYPhm6zeac4lz3oJ3o65qvgQCcPubiyotZrXqEaG4hNagNYO8qdlUrX5vwqv9ohqeT/Z3j6+yW067yWWdUw=="
    },
    "form-data": {
      "version": "2.3.3",
      "resolved": "https://registry.npmjs.org/form-data/-/form-data-2.3.3.tgz",
      "integrity": "sha512-1lLKB2Mu3aGP1Q/2eCOx0fNbRMe7XdwktwOruhfqqd0rIJWwN4Dh+E3hrPSlDCXnSR7UtZ1N38rVXm+6+MEhJQ==",
      "requires": {
        "asynckit": "^0.4.0",
        "combined-stream": "^1.0.6",
        "mime-types": "^2.1.12"
      }
    },
    "getpass": {
      "version": "0.1.7",
      "resolved": "https://registry.npmjs.org/getpass/-/getpass-0.1.7.tgz",
      "integrity": "sha512-0fzj9JxOLfJ+XGLhR8ze3unN0KZCgZwiSSDz168VERjK8Wl8kVSdcu2kspd4s4wtAa1y/qrVRiAA0WclVsu0ng==",
      "requires": {
        "assert-plus": "^1.0.0"
      }
    },
    "global": {
      "version": "https://github.com/component/global/archive/v2.0.1.tar.gz",
      "integrity": "sha1-P7JTQ/tm15mRsPSkKc47VEgO7Dw="
    },
    "har-schema": {
      "version": "2.0.0",
      "resolved": "https://registry.npmjs.org/har-schema/-/har-schema-2.0.0.tgz",
      "integrity": "sha512-Oqluz6zhGX8cyRaTQlFMPw80bSJVG2x/cFb8ZPhUILGgHka9SsokCCOQgpveePerqidZOrT14ipqfJb7ILcW5Q=="
    },
    "har-validator": {
      "version": "5.1.5",
      "resolved": "https://registry.npmjs.org/har-validator/-/har-validator-5.1.5.tgz",
      "integrity": "sha512-nmT2T0lljbxdQZfspsno9hgrG3Uir6Ks5afism62poxqBM6sDnMEuPmzTq8XN0OEwqKLLdh1jQI3qyE66Nzb3w==",
      "requires": {
        "ajv": "^6.12.3",
        "har-schema": "^2.0.0"
      }
    },
    "has-binary": {
      "version": "0.1.6",
      "resolved": "https://registry.npmjs.org/has-binary/-/has-binary-0.1.6.tgz",
      "integrity": "sha1-JTJvOc+k9hath4eJTjryz7x7bhA=",
      "requires": {
        "isarray": "0.0.1"
      },
      "dependencies": {
        "isarray": {
          "version": "0.0.1",
          "resolved": "https://registry.npmjs.org/isarray/-/isarray-0.0.1.tgz",
          "integrity": "sha1-ihis/Kmo9Bd+Cav8YDiTmwXR7t8="
        }
      }
    },
    "has-binary-data": {
      "version": "0.1.3",
      "resolved": "https://registry.npmjs.org/has-binary-data/-/has-binary-data-0.1.3.tgz",
      "integrity": "sha1-jrsYOItX8ZpSMSdaFvwY1R83mq4=",
      "requires": {
        "isarray": "0.0.1"
      },
      "dependencies": {
        "isarray": {
          "version": "0.0.1",
          "resolved": "https://registry.npmjs.org/isarray/-/isarray-0.0.1.tgz",
          "integrity": "sha1-ihis/Kmo9Bd+Cav8YDiTmwXR7t8="
        }
      }
    },
    "has-cors": {
      "version": "1.0.3",
      "resolved": "https://registry.npmjs.org/has-cors/-/has-cors-1.0.3.tgz",
      "integrity": "sha1-UCrLmzEE2sM90mMOry+IiwuvTLM=",
      "requires": {
        "global": "https://github.com/component/global/archive/v2.0.1.tar.gz"
      }
    },
    "help-me": {
      "version": "0.1.0",
      "resolved": "https://registry.npmjs.org/help-me/-/help-me-0.1.0.tgz",
      "integrity": "sha1-D7OkBTetUmW2tJQTAixg01tJU5o=",
      "requires": {
        "concat-stream": "1.6.0",
        "pump": "1.0.3",
        "readable-stream": "1.0.34",
        "xtend": "4.0.1"
      }
    },
    "http-signature": {
      "version": "1.2.0",
      "resolved": "https://registry.npmjs.org/http-signature/-/http-signature-1.2.0.tgz",
      "integrity": "sha512-CAbnr6Rz4CYQkLYUtSNXxQPUH2gK8f3iWexVlsnMeD+GjlsQ0Xsy1cOX+mN3dtxYomRy21CiOzU8Uhw6OwncEQ==",
      "requires": {
        "assert-plus": "^1.0.0",
        "jsprim": "^1.2.2",
        "sshpk": "^1.7.0"
      }
    },
    "indexof": {
      "version": "0.0.1",
      "resolved": "https://registry.npmjs.org/indexof/-/indexof-0.0.1.tgz",
      "integrity": "sha1-gtwzbSMrkGIXnQWrMpOmYFn9Q10="
    },
    "inherits": {
      "version": "2.0.3",
      "resolved": "https://registry.npmjs.org/inherits/-/inherits-2.0.3.tgz",
      "integrity": "sha1-Yzwsg+PaQqUC9SRmAiSA9CCCYd4="
    },
    "ip": {
      "version": "1.1.8",
      "resolved": "https://registry.npmjs.org/ip/-/ip-1.1.8.tgz",
      "integrity": "sha512-PuExPYUiu6qMBQb4l06ecm6T6ujzhmh+MeJcW9wa89PoAz5pvd4zPgN5WJV104mb6S2T1AwNIAaB70JNrLQWhg=="
    },
    "is-typedarray": {
      "version": "1.0.0",
      "resolved": "https://registry.npmjs.org/is-typedarray/-/is-typedarray-1.0.0.tgz",
      "integrity": "sha512-cyA56iCMHAh5CdzjJIa4aohJyeO1YbwLi3Jc35MmRU6poroFjIGZzUzupGiRPOjgHg9TLu43xbpwXk523fMxKA=="
    },
    "isarray": {
      "version": "1.0.0",
      "resolved": "https://registry.npmjs.org/isarray/-/isarray-1.0.0.tgz",
      "integrity": "sha1-u5NdSFgsuhaMBoNJV6VKPgcSTxE="
    },
    "isstream": {
      "version": "0.1.2",
      "resolved": "https://registry.npmjs.org/isstream/-/isstream-0.1.2.tgz",
      "integrity": "sha512-Yljz7ffyPbrLpLngrMtZ7NduUgVvi6wG9RJ9IUcyCd59YQ911PBJphODUcbOVbqYfxe1wuYf/LJ8PauMRwsM/g=="
    },
    "jsbn": {
      "version": "0.1.1",
      "resolved": "https://registry.npmjs.org/jsbn/-/jsbn-0.1.1.tgz",
      "integrity": "sha512-UVU9dibq2JcFWxQPA6KCqj5O42VOmAY3zQUfEKxU0KpTGXwNoCjkX1e13eHNvw/xPynt6pU0rZ1htjWTNTSXsg=="
    },
    "json-schema": {
      "version": "0.4.0",
      "resolved": "https://registry.npmjs.org/json-schema/-/json-schema-0.4.0.tgz",
      "integrity": "sha512-es94M3nTIfsEPisRafak+HDLfHXnKBhV3vU5eqPcS3flIWqcxJWgXHXiey3YrpaNsanY5ei1VoYEbOzijuq9BA=="
    },
    "json-schema-traverse": {
      "version": "0.4.1",
      "resolved": "https://registry.npmjs.org/json-schema-traverse/-/json-schema-traverse-0.4.1.tgz",
      "integrity": "sha512-xbbCH5dCYU5T8LcEhhuh7HJ88HXuW3qsI3Y0zOZFKfZEHcpWiHU/Jxzk629Brsab/mMiHQti9wMP+845RPe3Vg=="
    },
    "json-stringify-safe": {
      "version": "5.0.1",
      "resolved": "https://registry.npmjs.org/json-stringify-safe/-/json-stringify-safe-5.0.1.tgz",
      "integrity": "sha512-ZClg6AaYvamvYEE82d3Iyd3vSSIjQ+odgjaTzRuO3s7toCdFKczob2i0zCh7JE8kWn17yvAWhUVxvqGwUalsRA=="
    },
    "json3": {
      "version": "3.2.6",
      "resolved": "https://registry.npmjs.org/json3/-/json3-3.2.6.tgz",
      "integrity": "sha1-9u/JPAagTemuxTBT3yVZuxniA4s="
    },
    "jsprim": {
      "version": "1.4.2",
      "resolved": "https://registry.npmjs.org/jsprim/-/jsprim-1.4.2.tgz",
      "integrity": "sha512-P2bSOMAc/ciLz6DzgjVlGJP9+BrJWu5UDGK70C2iweC5QBIeFf0ZXRvGjEj2uYgrY2MkAAhsSWHDWlFtEroZWw==",
      "requires": {
        "assert-plus": "1.0.0",
        "extsprintf": "1.3.0",
        "json-schema": "0.4.0",
        "verror": "1.10.0"
      }
    },
    "leven": {
      "version": "1.0.2",
      "resolved": "https://registry.npmjs.org/leven/-/leven-1.0.2.tgz",
      "integrity": "sha1-kUS27ryl8dBoAWnxpncNzqYLdcM="
    },
    "lodash": {
      "version": "4.17.21",
      "resolved": "https://registry.npmjs.org/lodash/-/lodash-4.17.21.tgz",
      "integrity": "sha512-v2kDEe57lecTulaDIuNTPy3Ry4gLGJ6Z1O3vE1krgXZNrsQ+LFTGHVxVjcXPs17LhbZVGedAJv8XZ1tvj5FvSg=="
    },
    "micro-app-framework": {
      "version": "0.1.4",
      "resolved": "https://registry.npmjs.org/micro-app-framework/-/micro-app-framework-0.1.4.tgz",
      "integrity": "sha1-dRXrIYdhf4KwPBDNB3k0AAPU7Qs=",
      "requires": {
        "basic-auth": "1.0.4",
        "bcryptjs": "2.3.0",
        "crypto-js": "3.1.8"
      }
    },
    "mime-db": {
      "version": "1.52.0",
      "resolved": "https://registry.npmjs.org/mime-db/-/mime-db-1.52.0.tgz",
      "integrity": "sha512-sPU4uV7dYlvtWJxwwxHD0PuihVNiE7TyAbQ5SWxDCB9mUYvOgroQOwYQQOKPJ8CIbE+1ETVlOoK1UC2nU3gYvg=="
    },
    "mime-types": {
      "version": "2.1.35",
      "resolved": "https://registry.npmjs.org/mime-types/-/mime-types-2.1.35.tgz",
      "integrity": "sha512-ZDY+bPm5zTTF+YpCrAU9nK0UgICYPT0QtT1NZWFv4s++TNkcgVaT0g6+4R2uI4MjQjzysHB1zxuWL50hzaeXiw==",
      "requires": {
        "mime-db": "1.52.0"
      }
    },
    "minimist": {
      "version": "1.2.0",
      "resolved": "https://registry.npmjs.org/minimist/-/minimist-1.2.0.tgz",
      "integrity": "sha1-o1AIsg9BOD7sH7kU9M1d95omQoQ="
    },
    "mqtt": {
      "version": "1.6.3",
      "resolved": "https://registry.npmjs.org/mqtt/-/mqtt-1.6.3.tgz",
      "integrity": "sha1-/JhP1X4XEpgTBzFe8c1JfSPiYPY=",
      "requires": {
        "commist": "1.0.0",
        "concat-stream": "1.6.0",
        "end-of-stream": "1.4.0",
        "help-me": "0.1.0",
        "inherits": "2.0.3",
        "minimist": "1.2.0",
        "mqtt-connection": "2.1.1",
        "mqtt-packet": "3.4.8",
        "readable-stream": "1.0.34",
        "reinterval": "1.1.0",
        "websocket-stream": "2.3.0",
        "xtend": "4.0.1"
      }
    },
    "mqtt-connection": {
      "version": "2.1.1",
      "resolved": "https://registry.npmjs.org/mqtt-connection/-/mqtt-connection-2.1.1.tgz",
      "integrity": "sha1-ey6YWnThlmGUML69NdoWLDTE5Wo=",
      "requires": {
        "inherits": "2.0.3",
        "mqtt-packet": "3.4.8",
        "reduplexer": "1.1.0",
        "through2": "0.6.5"
      }
    },
    "mqtt-packet": {
      "version": "3.4.8",
      "resolved": "https://registry.npmjs.org/mqtt-packet/-/mqtt-packet-3.4.8.tgz",
      "integrity": "sha1-lld0qkWVLxY5L5rMqsXQv1EfoaU=",
      "requires": {
        "bl": "0.9.5",
        "inherits": "2.0.3"
      }
    },
    "ms": {
      "version": "0.6.2",
      "resolved": "https://registry.npmjs.org/ms/-/ms-0.6.2.tgz",
      "integrity": "sha1-2JwhJMb9wTU9Zai3e/GqxLGTcIw="
    },
    "nan": {
      "version": "2.8.0",
      "resolved": "https://registry.npmjs.org/nan/-/nan-2.8.0.tgz",
      "integrity": "sha1-7XFfP+neArV6XmJS2QqWZ14fCFo=",
      "optional": true
    },
    "node-ssdp": {
      "version": "2.9.1",
      "resolved": "https://registry.npmjs.org/node-ssdp/-/node-ssdp-2.9.1.tgz",
      "integrity": "sha512-yGUSsm7HKxcv1XU0X6BIMWaOl/SaXqrIhwZCdklmAzwjG6qt+hnJwzs+VigCuRMP+jhSyoVBvHnoc95VgxbcuQ==",
      "requires": {
        "debug": "^2.2.0",
        "ip": "^1.0.1"
      },
      "dependencies": {
        "debug": {
          "version": "2.6.9",
          "resolved": "https://registry.npmjs.org/debug/-/debug-2.6.9.tgz",
          "integrity": "sha512-bC7ElrdJaJnPbAP+1EotYvqZsb3ecl5wi6Bfi6BJTUcNowp6cvspg0jXznRTKDjm/E7AdgFBVeAPVMNcKGsHMA==",
          "requires": {
            "ms": "2.0.0"
          }
        },
        "ms": {
          "version": "2.0.0",
          "resolved": "https://registry.npmjs.org/ms/-/ms-2.0.0.tgz",
          "integrity": "sha512-Tpp60P6IUJDTuOq/5Z8cdskzJujfwqfOTkrwIwj7IRISpnkJnT6SyJ4PCPnGMoFjC9ddhal5KVIYtAt97ix05A=="
        }
      }
    },
    "oauth-sign": {
      "version": "0.9.0",
      "resolved": "https://registry.npmjs.org/oauth-sign/-/oauth-sign-0.9.0.tgz",
      "integrity": "sha512-fexhUFFPTGV8ybAtSIGbV6gOkSv8UtRbDBnAyLQw4QPKkgNlsH2ByPGtMUqdWkos6YCRmAqViwgZrJc/mRDzZQ=="
    },
    "object-component": {
      "version": "0.0.3",
      "resolved": "https://registry.npmjs.org/object-component/-/object-component-0.0.3.tgz",
      "integrity": "sha1-8MaapQ78lbhmwYb0AKM3acsvEpE="
    },
    "object-keys": {
      "version": "1.0.1",
      "resolved": "https://registry.npmjs.org/object-keys/-/object-keys-1.0.1.tgz",
      "integrity": "sha1-VYAuhYQsJru167wVer874wJWm6g="
    },
    "once": {
      "version": "1.4.0",
      "resolved": "https://registry.npmjs.org/once/-/once-1.4.0.tgz",
      "integrity": "sha1-WDsap3WWHUsROsF9nFC6753Xa9E=",
      "requires": {
        "wrappy": "1.0.2"
      }
    },
    "options": {
      "version": "0.0.6",
      "resolved": "https://registry.npmjs.org/options/-/options-0.0.6.tgz",
      "integrity": "sha1-7CLTEoBrtT5zF3Pnza788cZDEo8="
    },
    "parsejson": {
      "version": "0.0.1",
      "resolved": "https://registry.npmjs.org/parsejson/-/parsejson-0.0.1.tgz",
      "integrity": "sha1-mxDGwNglq1ieaFFTgm3go7oni8w=",
      "requires": {
        "better-assert": "1.0.2"
      }
    },
    "parseqs": {
      "version": "0.0.2",
      "resolved": "https://registry.npmjs.org/parseqs/-/parseqs-0.0.2.tgz",
      "integrity": "sha1-nf5wss3aw4i95PNbHyQPpYrb5sc=",
      "requires": {
        "better-assert": "1.0.2"
      }
    },
    "parseuri": {
      "version": "0.0.2",
      "resolved": "https://registry.npmjs.org/parseuri/-/parseuri-0.0.2.tgz",
      "integrity": "sha1-20GHjy1pZHGL6HCzFAlz2Ak74VY=",
      "requires": {
        "better-assert": "1.0.2"
      }
    },
    "performance-now": {
      "version": "2.1.0",
      "resolved": "https://registry.npmjs.org/performance-now/-/performance-now-2.1.0.tgz",
      "integrity": "sha512-7EAHlyLHI56VEIdK57uwHdHKIaAGbnXPiw0yWbarQZOKaKpvUIgW0jWRVLiatnM+XXlSwsanIBH/hzGMJulMow=="
    },
    "process-nextick-args": {
      "version": "1.0.7",
      "resolved": "https://registry.npmjs.org/process-nextick-args/-/process-nextick-args-1.0.7.tgz",
      "integrity": "sha1-FQ4gt1ZZCtP5EJPyWk8q2L/zC6M="
    },
    "psl": {
      "version": "1.9.0",
      "resolved": "https://registry.npmjs.org/psl/-/psl-1.9.0.tgz",
      "integrity": "sha512-E/ZsdU4HLs/68gYzgGTkMicWTLPdAftJLfJFlLUAAKZGkStNU72sZjT66SnMDVOfOWY/YAoiD7Jxa9iHvngcag=="
    },
    "pump": {
      "version": "1.0.3",
      "resolved": "https://registry.npmjs.org/pump/-/pump-1.0.3.tgz",
      "integrity": "sha512-8k0JupWme55+9tCVE+FS5ULT3K6AbgqrGa58lTT49RpyfwwcGedHqaC5LlQNdEAumn/wFsu6aPwkuPMioy8kqw==",
      "requires": {
        "end-of-stream": "1.4.0",
        "once": "1.4.0"
      }
    },
    "punycode": {
      "version": "2.1.1",
      "resolved": "https://registry.npmjs.org/punycode/-/punycode-2.1.1.tgz",
      "integrity": "sha512-XRsRjdf+j5ml+y/6GKHPZbrF/8p2Yga0JPtdqTIY2Xe5ohJPD9saDJJLPvp9+NSBprVvevdXZybnj2cv8OEd0A=="
    },
    "q": {
      "version": "1.5.1",
      "resolved": "https://registry.npmjs.org/q/-/q-1.5.1.tgz",
      "integrity": "sha512-kV/CThkXo6xyFEZUugw/+pIOywXcDbFYgSct5cT3gqlbkBE1SJdwy6UQoZvodiWF/ckQLZyDE/Bu1M6gVu5lVw=="
    },
    "qs": {
      "version": "6.5.3",
      "resolved": "https://registry.npmjs.org/qs/-/qs-6.5.3.tgz",
      "integrity": "sha512-qxXIEh4pCGfHICj1mAJQ2/2XVZkjCDTcEgfoSQxc/fYivUZxTkk7L3bDBJSoNrEzXI17oUO5Dp07ktqE5KzczA=="
    },
    "readable-stream": {
      "version": "1.0.34",
      "resolved": "https://registry.npmjs.org/readable-stream/-/readable-stream-1.0.34.tgz",
      "integrity": "sha1-Elgg40vIQtLyqq+v5MKRbuMsFXw=",
      "requires": {
        "core-util-is": "1.0.2",
        "inherits": "2.0.3",
        "isarray": "0.0.1",
        "string_decoder": "0.10.31"
      },
      "dependencies": {
        "isarray": {
          "version": "0.0.1",
          "resolved": "https://registry.npmjs.org/isarray/-/isarray-0.0.1.tgz",
          "integrity": "sha1-ihis/Kmo9Bd+Cav8YDiTmwXR7t8="
        },
        "string_decoder": {
          "version": "0.10.31",
          "resolved": "https://registry.npmjs.org/string_decoder/-/string_decoder-0.10.31.tgz",
          "integrity": "sha1-YuIDvEF2bGwoyfyEMB2rHFMQ+pQ="
        }
      }
    },
    "reduplexer": {
      "version": "1.1.0",
      "resolved": "https://registry.npmjs.org/reduplexer/-/reduplexer-1.1.0.tgz",
      "integrity": "sha1-ff7RimeedJwdetNt4BrLUV8I4UA=",
      "requires": {
        "inherits": "2.0.3",
        "readable-stream": "1.0.34"
      }
    },
    "reinterval": {
      "version": "1.1.0",
      "resolved": "https://registry.npmjs.org/reinterval/-/reinterval-1.1.0.tgz",
      "integrity": "sha1-M2Hs+jymwYKDOA3Qu5VG85D17Oc="
    },
    "request": {
      "version": "2.88.2",
      "resolved": "https://registry.npmjs.org/request/-/request-2.88.2.tgz",
      "integrity": "sha512-MsvtOrfG9ZcrOwAW+Qi+F6HbD0CWXEh9ou77uOb7FM2WPhwT7smM833PzanhJLsgXjN89Ir6V2PczXNnMpwKhw==",
      "requires": {
        "aws-sign2": "~0.7.0",
        "aws4": "^1.8.0",
        "caseless": "~0.12.0",
        "combined-stream": "~1.0.6",
        "extend": "~3.0.2",
        "forever-agent": "~0.6.1",
        "form-data": "~2.3.2",
        "har-validator": "~5.1.3",
        "http-signature": "~1.2.0",
        "is-typedarray": "~1.0.0",
        "isstream": "~0.1.2",
        "json-stringify-safe": "~5.0.1",
        "mime-types": "~2.1.19",
        "oauth-sign": "~0.9.0",
        "performance-now": "^2.1.0",
        "qs": "~6.5.2",
        "safe-buffer": "^5.1.2",
        "tough-cookie": "~2.5.0",
        "tunnel-agent": "^0.6.0",
        "uuid": "^3.3.2"
      },
      "dependencies": {
        "safe-buffer": {
          "version": "5.2.1",
          "resolved": "https://registry.npmjs.org/safe-buffer/-/safe-buffer-5.2.1.tgz",
          "integrity": "sha512-rp3So07KcdmmKbGvgaNxQSJr7bGVSVk5S9Eq1F+ppbRo70+YeaDxkw5Dd8NPN+GD6bjnYm2VuPuCXmpuYvmCXQ=="
        }
      }
    },
    "safe-buffer": {
      "version": "5.1.1",
      "resolved": "https://registry.npmjs.org/safe-buffer/-/safe-buffer-5.1.1.tgz",
      "integrity": "sha512-kKvNJn6Mm93gAczWVJg7wH+wGYWNrDHdWvpUmHyEsgCtIwwo3bqPtV4tR5tuPaUhTOo/kvhVwd8XwwOllGYkbg=="
    },
    "safer-buffer": {
      "version": "2.1.2",
      "resolved": "https://registry.npmjs.org/safer-buffer/-/safer-buffer-2.1.2.tgz",
      "integrity": "sha512-YZo3K82SD7Riyi0E1EQPojLz7kpepnSQI9IyPbHHg1XXXevb5dJI7tpyN2ADxGcQbHG7vcyRHk0cbwqcQriUtg=="
    },
    "sax": {
      "version": "1.2.4",
      "resolved": "https://registry.npmjs.org/sax/-/sax-1.2.4.tgz",
      "integrity": "sha512-NqVDv9TpANUjFm0N8uM5GxL36UgKi9/atZw+x7YFnQ8ckwFGKrl4xX4yWtrey3UJm5nP1kUbnYgLopqWNSRhWw=="
    },
    "socket.io": {
      "version": "1.3.7",
      "resolved": "https://registry.npmjs.org/socket.io/-/socket.io-1.3.7.tgz",
      "integrity": "sha1-k3R6KbyrYmbw++GREsyl4TiM960=",
      "requires": {
        "debug": "2.1.0",
        "engine.io": "1.5.4",
        "has-binary-data": "0.1.3",
        "socket.io-adapter": "0.3.1",
        "socket.io-client": "1.3.7",
        "socket.io-parser": "2.2.4"
      }
    },
    "socket.io-adapter": {
      "version": "0.3.1",
      "resolved": "https://registry.npmjs.org/socket.io-adapter/-/socket.io-adapter-0.3.1.tgz",
      "integrity": "sha1-34H5cLTfZJOQLZPlGce3J1XDqVg=",
      "requires": {
        "debug": "1.0.2",
        "object-keys": "1.0.1",
        "socket.io-parser": "2.2.2"
      },
      "dependencies": {
        "debug": {
          "version": "1.0.2",
          "resolved": "https://registry.npmjs.org/debug/-/debug-1.0.2.tgz",
          "integrity": "sha1-OElZHBDM5khHbDx8Li40FttZY8Q=",
          "requires": {
            "ms": "0.6.2"
          }
        },
        "isarray": {
          "version": "0.0.1",
          "resolved": "https://registry.npmjs.org/isarray/-/isarray-0.0.1.tgz",
          "integrity": "sha1-ihis/Kmo9Bd+Cav8YDiTmwXR7t8="
        },
        "socket.io-parser": {
          "version": "2.2.2",
          "resolved": "https://registry.npmjs.org/socket.io-parser/-/socket.io-parser-2.2.2.tgz",
          "integrity": "sha1-PXr2tkSX6Va32f53X5mXFgJ/lBc=",
          "requires": {
            "benchmark": "1.0.0",
            "component-emitter": "1.1.2",
            "debug": "0.7.4",
            "isarray": "0.0.1",
            "json3": "3.2.6"
          },
          "dependencies": {
            "debug": {
              "version": "0.7.4",
              "resolved": "https://registry.npmjs.org/debug/-/debug-0.7.4.tgz",
              "integrity": "sha1-BuHqgILCyxTjmAbiLi9vdX+Srzk="
            }
          }
        }
      }
    },
    "socket.io-client": {
      "version": "1.3.7",
      "resolved": "https://registry.npmjs.org/socket.io-client/-/socket.io-client-1.3.7.tgz",
      "integrity": "sha1-erfAabjVBCXrJl8DH4Spfm6+cZw=",
      "requires": {
        "backo2": "1.0.2",
        "component-bind": "1.0.0",
        "component-emitter": "1.1.2",
        "debug": "0.7.4",
        "engine.io-client": "1.5.4",
        "has-binary": "0.1.6",
        "indexof": "0.0.1",
        "object-component": "0.0.3",
        "parseuri": "0.0.2",
        "socket.io-parser": "2.2.4",
        "to-array": "0.1.3"
      },
      "dependencies": {
        "debug": {
          "version": "0.7.4",
          "resolved": "https://registry.npmjs.org/debug/-/debug-0.7.4.tgz",
          "integrity": "sha1-BuHqgILCyxTjmAbiLi9vdX+Srzk="
        }
      }
    },
    "socket.io-parser": {
      "version": "2.2.4",
      "resolved": "https://registry.npmjs.org/socket.io-parser/-/socket.io-parser-2.2.4.tgz",
      "integrity": "sha1-+c4ZvxkJYIzrFdl3IeI7/dHnz2U=",
      "requires": {
        "benchmark": "1.0.0",
        "component-emitter": "1.1.2",
        "debug": "0.7.4",
        "isarray": "0.0.1",
        "json3": "3.2.6"
      },
      "dependencies": {
        "debug": {
          "version": "0.7.4",
          "resolved": "https://registry.npmjs.org/debug/-/debug-0.7.4.tgz",
          "integrity": "sha1-BuHqgILCyxTjmAbiLi9vdX+Srzk="
        },
        "isarray": {
          "version": "0.0.1",
          "resolved": "https://registry.npmjs.org/isarray/-/isarray-0.0.1.tgz",
          "integrity": "sha1-ihis/Kmo9Bd+Cav8YDiTmwXR7t8="
        }
      }
    },
    "sshpk": {
      "version": "1.17.0",
      "resolved": "https://registry.npmjs.org/sshpk/-/sshpk-1.17.0.tgz",
      "integrity": "sha512-/9HIEs1ZXGhSPE8X6Ccm7Nam1z8KcoCqPdI7ecm1N33EzAetWahvQWVqLZtaZQ+IDKX4IyA2o0gBzqIMkAagHQ==",
      "requires": {
        "asn1": "~0.2.3",
        "assert-plus": "^1.0.0",
        "bcrypt-pbkdf": "^1.0.0",
        "dashdash": "^1.12.0",
        "ecc-jsbn": "~0.1.1",
        "getpass": "^0.1.1",
        "jsbn": "~0.1.0",
        "safer-buffer": "^2.0.2",
        "tweetnacl": "~0.14.0"
      }
    },
    "stream-shift": {
      "version": "1.0.0",
      "resolved": "https://registry.npmjs.org/stream-shift/-/stream-shift-1.0.0.tgz",
      "integrity": "sha1-1cdSgl5TZ+eG944Y5EXqIjoVWVI="
    },
    "string_decoder": {
      "version": "1.0.3",
      "resolved": "https://registry.npmjs.org/string_decoder/-/string_decoder-1.0.3.tgz",
      "integrity": "sha512-4AH6Z5fzNNBcH+6XDMfA/BTt87skxqJlO0lAh3Dker5zThcAxG6mKz+iGu308UKoPPQ8Dcqx/4JhujzltRa+hQ==",
      "requires": {
        "safe-buffer": "5.1.1"
      }
    },
    "through2": {
      "version": "0.6.5",
      "resolved": "https://registry.npmjs.org/through2/-/through2-0.6.5.tgz",
      "integrity": "sha1-QaucZ7KdVyCQcUEOHXp6lozTrUg=",
      "requires": {
        "readable-stream": "1.0.34",
        "xtend": "4.0.1"
      }
    },
    "to-array": {
      "version": "0.1.3",
      "resolved": "https://registry.npmjs.org/to-array/-/to-array-0.1.3.tgz",
      "integrity": "sha1-1F2txjY0F/YPKEdP6lDs3btPSZE="
    },
    "tough-cookie": {
      "version": "2.5.0",
      "resolved": "https://registry.npmjs.org/tough-cookie/-/tough-cookie-2.5.0.tgz",
      "integrity": "sha512-nlLsUzgm1kfLXSXfRZMc1KLAugd4hqJHDTvc2hDIwS3mZAfMEuMbc03SujMF+GEcpaX/qboeycw6iO8JwVv2+g==",
      "requires": {
        "psl": "^1.1.28",
        "punycode": "^2.1.1"
      }
    },
    "tunnel-agent": {
      "version": "0.6.0",
      "resolved": "https://registry.npmjs.org/tunnel-agent/-/tunnel-agent-0.6.0.tgz",
      "integrity": "sha512-McnNiV1l8RYeY8tBgEpuodCC1mLUdbSN+CYBL7kJsJNInOP8UjDDEwdk6Mw60vdLLrr5NHKZhMAOSrR2NZuQ+w==",
      "requires": {
        "safe-buffer": "^5.0.1"
      }
    },
    "tweetnacl": {
      "version": "0.14.5",
      "resolved": "https://registry.npmjs.org/tweetnacl/-/tweetnacl-0.14.5.tgz",
      "integrity": "sha512-KXXFFdAbFXY4geFIwoyNK+f5Z1b7swfXABfL7HXCmoIWMKU3dmS26672A4EeQtDzLKy7SXmfBu51JolvEKwtGA=="
    },
    "typedarray": {
      "version": "0.0.6",
      "resolved": "https://registry.npmjs.org/typedarray/-/typedarray-0.0.6.tgz",
      "integrity": "sha1-hnrHTjhkGHsdPUfZlqeOxciDB3c="
    },
    "ultron": {
      "version": "1.0.2",
      "resolved": "https://registry.npmjs.org/ultron/-/ultron-1.0.2.tgz",
      "integrity": "sha1-rOEWq1V80Zc4ak6I9GhTeMiy5Po="
    },
    "uri-js": {
      "version": "4.4.1",
      "resolved": "https://registry.npmjs.org/uri-js/-/uri-js-4.4.1.tgz",
      "integrity": "sha512-7rKUyy33Q1yc98pQ1DAmLtwX109F7TIfWlW1Ydo8Wl1ii1SeHieeh0HHfPeL2fMXK6z0s8ecKs9frCuLJvndBg==",
      "requires": {
        "punycode": "^2.1.0"
      }
    },
    "utf-8-validate": {
      "version": "1.2.2",
      "resolved": "https://registry.npmjs.org/utf-8-validate/-/utf-8-validate-1.2.2.tgz",
      "integrity": "sha1-i7hxpHQeCFxwSHynrNvX1tNgKes=",
      "optional": true,
      "requires": {
        "bindings": "1.2.1",
        "nan": "2.4.0"
      },
      "dependencies": {
        "nan": {
          "version": "2.4.0",
          "resolved": "https://registry.npmjs.org/nan/-/nan-2.4.0.tgz",
          "integrity": "sha1-+zxZ1F/k7/4hXwuJD4rfbrMtIjI=",
          "optional": true
        }
      }
    },
    "utf8": {
      "version": "2.1.0",
      "resolved": "https://registry.npmjs.org/utf8/-/utf8-2.1.0.tgz",
      "integrity": "sha1-DP7FyAUtRKI+OqqQgQToB1+V39U="
    },
    "util-deprecate": {
      "version": "1.0.2",
      "resolved": "https://registry.npmjs.org/util-deprecate/-/util-deprecate-1.0.2.tgz",
      "integrity": "sha1-RQ1Nyfpw3nMnYvvS1KKJgUGaDM8="
    },
    "uuid": {
      "version": "3.4.0",
      "resolved": "https://registry.npmjs.org/uuid/-/uuid-3.4.0.tgz",
      "integrity": "sha512-HjSDRw6gZE5JMggctHBcjVak08+KEVhSIiDzFnT9S9aegmp85S/bReBVTb4QTFaRNptJ9kuYaNhnbNEOkbKb/A=="
    },
    "verror": {
      "version": "1.10.0",
      "resolved": "https://registry.npmjs.org/verror/-/verror-1.10.0.tgz",
      "integrity": "sha512-ZZKSmDAEFOijERBLkmYfJ+vmk3w+7hOLYDNkRCuRuMJGEmqYNCNLyBBFwWKVMhfwaEF3WOd0Zlw86U/WC/+nYw==",
      "requires": {
        "assert-plus": "^1.0.0",
        "core-util-is": "1.0.2",
        "extsprintf": "^1.2.0"
      }
    },
    "websocket-stream": {
      "version": "2.3.0",
      "resolved": "https://registry.npmjs.org/websocket-stream/-/websocket-stream-2.3.0.tgz",
      "integrity": "sha1-GgVvLwGD2wJjLRuqV7PuR/REYQQ=",
      "requires": {
        "duplexify": "3.5.1",
        "inherits": "2.0.3",
        "through2": "2.0.3",
        "ws": "0.8.1",
        "xtend": "4.0.1"
      },
      "dependencies": {
        "readable-stream": {
          "version": "2.3.3",
          "resolved": "https://registry.npmjs.org/readable-stream/-/readable-stream-2.3.3.tgz",
          "integrity": "sha512-m+qzzcn7KUxEmd1gMbchF+Y2eIUbieUaxkWtptyHywrX0rE8QEYqPC07Vuy4Wm32/xE16NcdBctb8S0Xe/5IeQ==",
          "requires": {
            "core-util-is": "1.0.2",
            "inherits": "2.0.3",
            "isarray": "1.0.0",
            "process-nextick-args": "1.0.7",
            "safe-buffer": "5.1.1",
            "string_decoder": "1.0.3",
            "util-deprecate": "1.0.2"
          }
        },
        "through2": {
          "version": "2.0.3",
          "resolved": "https://registry.npmjs.org/through2/-/through2-2.0.3.tgz",
          "integrity": "sha1-AARWmzfHx0ujnEPzzteNGtlBQL4=",
          "requires": {
            "readable-stream": "2.3.3",
            "xtend": "4.0.1"
          }
        }
      }
    },
    "wemore": {
      "version": "0.6.2",
      "resolved": "https://registry.npmjs.org/wemore/-/wemore-0.6.2.tgz",
      "integrity": "sha512-kBVEfUEKEeQ4KD0hiZlJ1amI/hykzeWsExBJMu9CxUMKBT8TgT2s1wed2E+mcjJHO/fMbswUCPCfbi3IO1ibqw==",
      "requires": {
        "ip": "^1.1.5",
        "lodash": "^4.17.15",
        "node-ssdp": "^2.9.1",
        "q": "^1.5.1",
        "request": "^2.88.0",
        "uuid": "^3.3.2",
        "xml2js": "^0.4.23",
        "xmlbuilder": "^9.0.7"
      }
    },
    "wrappy": {
      "version": "1.0.2",
      "resolved": "https://registry.npmjs.org/wrappy/-/wrappy-1.0.2.tgz",
      "integrity": "sha1-tSQ9jz7BqjXxNkYFvA0QNuMKtp8="
    },
    "ws": {
      "version": "0.8.1",
      "resolved": "https://registry.npmjs.org/ws/-/ws-0.8.1.tgz",
      "integrity": "sha1-a2UnO5kZPF8Gekz1gJWY93fjt1k=",
      "requires": {
        "bufferutil": "1.2.1",
        "options": "0.0.6",
        "ultron": "1.0.2",
        "utf-8-validate": "1.2.2"
      }
    },
    "xml2js": {
      "version": "0.4.23",
      "resolved": "https://registry.npmjs.org/xml2js/-/xml2js-0.4.23.tgz",
      "integrity": "sha512-ySPiMjM0+pLDftHgXY4By0uswI3SPKLDw/i3UXbnO8M/p28zqexCUoPmQFrYD+/1BzhGJSs2i1ERWKJAtiLrug==",
      "requires": {
        "sax": ">=0.6.0",
        "xmlbuilder": "~11.0.0"
      },
      "dependencies": {
        "xmlbuilder": {
          "version": "11.0.1",
          "resolved": "https://registry.npmjs.org/xmlbuilder/-/xmlbuilder-11.0.1.tgz",
          "integrity": "sha512-fDlsI/kFEx7gLvbecc0/ohLG50fugQp8ryHzMTuW9vSa1GJ0XYWKnhsUx7oie3G98+r56aTQIUB4kht42R3JvA=="
        }
      }
    },
    "xmlbuilder": {
      "version": "9.0.7",
      "resolved": "https://registry.npmjs.org/xmlbuilder/-/xmlbuilder-9.0.7.tgz",
      "integrity": "sha512-7YXTQc3P2l9+0rjaUbLwMKRhtmwg1M1eDf6nag7urC7pIPYLD9W/jmzQ4ptRSUbodw5S0jfoGTflLemQibSpeQ=="
    },
    "xmlhttprequest": {
      "version": "https://github.com/rase-/node-XMLHttpRequest/archive/a6b6f2.tar.gz",
      "integrity": "sha1-IMr6XKpV9ttr+u6EnR62DuQ6X8o="
    },
    "xtend": {
      "version": "4.0.1",
      "resolved": "https://registry.npmjs.org/xtend/-/xtend-4.0.1.tgz",
      "integrity": "sha1-pcbVMr5lbiPbgg77lDofBJmNY68="
    }
  }
}
